
Microsoft Visual Studio Solution File, Format Version 12.00
# Visual Studio Version 16
VisualStudioVersion = 16.0.29709.97
MinimumVisualStudioVersion = 10.0.40219.1
Project("{FAE04EC0-301F-11D3-BF4B-00C04F79EFBC}") = "Assignment01", "Assignment01\Assignment01.csproj", "{FE941773-66CC-486A-BDE7-B4ECBEAD0DBF}"
EndProject
Global
	GlobalSection(SolutionConfigurationPlatforms) = preSolution
		Debug|Any CPU = Debug|Any CPU
		Release|Any CPU = Release|Any CPU
	EndGlobalSection
	GlobalSection(ProjectConfigurationPlatforms) = postSolution
		{FE941773-66CC-486A-BDE7-B4ECBEAD0DBF}.Debug|Any CPU.ActiveCfg = Debug|Any CPU
		{FE941773-66CC-486A-BDE7-B4ECBEAD0DBF}.Debug|Any CPU.Build.0 = Debug|Any CPU
		{FE941773-66CC-486A-BDE7-B4ECBEAD0DBF}.Release|Any CPU.ActiveCfg = Release|Any CPU
		{FE941773-66CC-486A-BDE7-B4ECBEAD0DBF}.Release|Any CPU.Build.0 = Release|Any CPU
	EndGlobalSection
	GlobalSection(SolutionProperties) = preSolution
		HideSolutionNode = FALSE
	EndGlobalSection
	GlobalSection(ExtensibilityGlobals) = postSolution
		SolutionGuid = {1C7F07E8-E885-46D6-87D6-5A629041D042}
	EndGlobalSection
EndGlobal
